
Microsoft Visual Studio Solution File, Format Version 12.00
# Visual Studio Version 17
VisualStudioVersion = 17.8.34525.116
MinimumVisualStudioVersion = 10.0.40219.1
Project("{FAE04EC0-301F-11D3-BF4B-00C04F79EFBC}") = "BloodBankFinderApp", "BloodBankFinderApp.csproj", "{A7C5AF69-59BC-4D10-98C0-1BD77727871C}"
EndProject
Global
	GlobalSection(SolutionConfigurationPlatforms) = preSolution
		Debug|Any CPU = Debug|Any CPU
		Release|Any CPU = Release|Any CPU
	EndGlobalSection
	GlobalSection(ProjectConfigurationPlatforms) = postSolution
		{A7C5AF69-59BC-4D10-98C0-1BD77727871C}.Debug|Any CPU.ActiveCfg = Debug|Any CPU
		{A7C5AF69-59BC-4D10-98C0-1BD77727871C}.Debug|Any CPU.Build.0 = Debug|Any CPU
		{A7C5AF69-59BC-4D10-98C0-1BD77727871C}.Release|Any CPU.ActiveCfg = Release|Any CPU
		{A7C5AF69-59BC-4D10-98C0-1BD77727871C}.Release|Any CPU.Build.0 = Release|Any CPU
	EndGlobalSection
	GlobalSection(SolutionProperties) = preSolution
		HideSolutionNode = FALSE
	EndGlobalSection
	GlobalSection(ExtensibilityGlobals) = postSolution
		SolutionGuid = {D80C4A83-E7AB-463D-AA2F-3423B5847025}
	EndGlobalSection
EndGlobal
